
Microsoft Visual Studio Solution File, Format Version 12.00
# Visual Studio Version 17
VisualStudioVersion = 17.11.35303.130
MinimumVisualStudioVersion = 10.0.40219.1
Project("{2150E333-8FDC-42A3-9474-1A3956D46DE8}") = "Task0", "Task0", "{519E6F36-824F-4190-89BB-8181FBEB02C7}"
EndProject
Project("{9A19103F-16F7-4668-BE54-9A1E7A4F7556}") = "Tyuiu.SanzyapovOD.Sprint2.Task0.V12", "Tyuiu.SanzyapovOD.Sprint2.Task0.V12\Tyuiu.SanzyapovOD.Sprint2.Task0.V12.csproj", "{6C962CB8-19DC-4321-A20E-600744D0FC43}"
EndProject
Project("{9A19103F-16F7-4668-BE54-9A1E7A4F7556}") = "Tyuiu.SanzyapovOD.Sprint2.Task0.V12.Lib", "Tyuiu.SanzyapovOD.Sprint2.Task0.V12.Lib\Tyuiu.SanzyapovOD.Sprint2.Task0.V12.Lib.csproj", "{E67CF517-86BC-4080-8AB4-40746DF47721}"
EndProject
Project("{9A19103F-16F7-4668-BE54-9A1E7A4F7556}") = "Tyuiu.SanzyapovOD.Sprint2.Task0.V12.Test", "Tyuiu.SanzyapovOD.Sprint2.Task0.V12.Test\Tyuiu.SanzyapovOD.Sprint2.Task0.V12.Test.csproj", "{FC943AD7-1036-4688-8B1A-21CB06209205}"
EndProject
Project("{2150E333-8FDC-42A3-9474-1A3956D46DE8}") = "Task1", "Task1", "{81B3DDEE-C95F-4B4D-AF6D-F08E4070353B}"
EndProject
Project("{FAE04EC0-301F-11D3-BF4B-00C04F79EFBC}") = "Tyuiu.SanzyapovOD.Sprint2.Task1.V21", "Tyuiu.SanzyapovOD.Sprint2.Task1.V21\Tyuiu.SanzyapovOD.Sprint2.Task1.V21.csproj", "{32CB1464-87D8-4254-89C3-4DC607C0022C}"
EndProject
Project("{FAE04EC0-301F-11D3-BF4B-00C04F79EFBC}") = "Tyuiu.SanzyapovOD.Sprint2.Task1.V21.Lib", "Tyuiu.SanzyapovOD.Sprint2.Task1.V21.Lib\Tyuiu.SanzyapovOD.Sprint2.Task1.V21.Lib.csproj", "{D672C1C2-AF17-489C-A3D4-7B33C3D9A156}"
EndProject
Project("{FAE04EC0-301F-11D3-BF4B-00C04F79EFBC}") = "Tyuiu.SanzyapovOD.Sprint2.Task1.V21.Test", "Tyuiu.SanzyapovOD.Sprint2.Task1.V21.Test\Tyuiu.SanzyapovOD.Sprint2.Task1.V21.Test.csproj", "{49D58FE5-915E-46BF-AE21-9B9767452570}"
EndProject
Global
	GlobalSection(SolutionConfigurationPlatforms) = preSolution
		Debug|Any CPU = Debug|Any CPU
		Release|Any CPU = Release|Any CPU
	EndGlobalSection
	GlobalSection(ProjectConfigurationPlatforms) = postSolution
		{6C962CB8-19DC-4321-A20E-600744D0FC43}.Debug|Any CPU.ActiveCfg = Debug|Any CPU
		{6C962CB8-19DC-4321-A20E-600744D0FC43}.Debug|Any CPU.Build.0 = Debug|Any CPU
		{6C962CB8-19DC-4321-A20E-600744D0FC43}.Release|Any CPU.ActiveCfg = Release|Any CPU
		{6C962CB8-19DC-4321-A20E-600744D0FC43}.Release|Any CPU.Build.0 = Release|Any CPU
		{E67CF517-86BC-4080-8AB4-40746DF47721}.Debug|Any CPU.ActiveCfg = Debug|Any CPU
		{E67CF517-86BC-4080-8AB4-40746DF47721}.Debug|Any CPU.Build.0 = Debug|Any CPU
		{E67CF517-86BC-4080-8AB4-40746DF47721}.Release|Any CPU.ActiveCfg = Release|Any CPU
		{E67CF517-86BC-4080-8AB4-40746DF47721}.Release|Any CPU.Build.0 = Release|Any CPU
		{FC943AD7-1036-4688-8B1A-21CB06209205}.Debug|Any CPU.ActiveCfg = Debug|Any CPU
		{FC943AD7-1036-4688-8B1A-21CB06209205}.Debug|Any CPU.Build.0 = Debug|Any CPU
		{FC943AD7-1036-4688-8B1A-21CB06209205}.Release|Any CPU.ActiveCfg = Release|Any CPU
		{FC943AD7-1036-4688-8B1A-21CB06209205}.Release|Any CPU.Build.0 = Release|Any CPU
		{32CB1464-87D8-4254-89C3-4DC607C0022C}.Debug|Any CPU.ActiveCfg = Debug|Any CPU
		{32CB1464-87D8-4254-89C3-4DC607C0022C}.Debug|Any CPU.Build.0 = Debug|Any CPU
		{32CB1464-87D8-4254-89C3-4DC607C0022C}.Release|Any CPU.ActiveCfg = Release|Any CPU
		{32CB1464-87D8-4254-89C3-4DC607C0022C}.Release|Any CPU.Build.0 = Release|Any CPU
		{D672C1C2-AF17-489C-A3D4-7B33C3D9A156}.Debug|Any CPU.ActiveCfg = Debug|Any CPU
		{D672C1C2-AF17-489C-A3D4-7B33C3D9A156}.Debug|Any CPU.Build.0 = Debug|Any CPU
		{D672C1C2-AF17-489C-A3D4-7B33C3D9A156}.Release|Any CPU.ActiveCfg = Release|Any CPU
		{D672C1C2-AF17-489C-A3D4-7B33C3D9A156}.Release|Any CPU.Build.0 = Release|Any CPU
		{49D58FE5-915E-46BF-AE21-9B9767452570}.Debug|Any CPU.ActiveCfg = Debug|Any CPU
		{49D58FE5-915E-46BF-AE21-9B9767452570}.Debug|Any CPU.Build.0 = Debug|Any CPU
		{49D58FE5-915E-46BF-AE21-9B9767452570}.Release|Any CPU.ActiveCfg = Release|Any CPU
		{49D58FE5-915E-46BF-AE21-9B9767452570}.Release|Any CPU.Build.0 = Release|Any CPU
	EndGlobalSection
	GlobalSection(SolutionProperties) = preSolution
		HideSolutionNode = FALSE
	EndGlobalSection
	GlobalSection(NestedProjects) = preSolution
		{6C962CB8-19DC-4321-A20E-600744D0FC43} = {519E6F36-824F-4190-89BB-8181FBEB02C7}
		{E67CF517-86BC-4080-8AB4-40746DF47721} = {519E6F36-824F-4190-89BB-8181FBEB02C7}
		{FC943AD7-1036-4688-8B1A-21CB06209205} = {519E6F36-824F-4190-89BB-8181FBEB02C7}
		{32CB1464-87D8-4254-89C3-4DC607C0022C} = {81B3DDEE-C95F-4B4D-AF6D-F08E4070353B}
		{D672C1C2-AF17-489C-A3D4-7B33C3D9A156} = {81B3DDEE-C95F-4B4D-AF6D-F08E4070353B}
		{49D58FE5-915E-46BF-AE21-9B9767452570} = {81B3DDEE-C95F-4B4D-AF6D-F08E4070353B}
	EndGlobalSection
	GlobalSection(ExtensibilityGlobals) = postSolution
		SolutionGuid = {56E88415-F6BE-46E6-B723-E9B58E7C2721}
	EndGlobalSection
EndGlobal
